
Microsoft Visual Studio Solution File, Format Version 12.00
# Visual Studio Version 16
VisualStudioVersion = 16.0.31005.135
MinimumVisualStudioVersion = 10.0.40219.1
Project("{FAE04EC0-301F-11D3-BF4B-00C04F79EFBC}") = "decimal_binary", "decimal_binary\decimal_binary.csproj", "{921124AF-A423-4B4B-AB6C-D44A1DFE03C0}"
EndProject
Global
	GlobalSection(SolutionConfigurationPlatforms) = preSolution
		Debug|Any CPU = Debug|Any CPU
		Release|Any CPU = Release|Any CPU
	EndGlobalSection
	GlobalSection(ProjectConfigurationPlatforms) = postSolution
		{921124AF-A423-4B4B-AB6C-D44A1DFE03C0}.Debug|Any CPU.ActiveCfg = Debug|Any CPU
		{921124AF-A423-4B4B-AB6C-D44A1DFE03C0}.Debug|Any CPU.Build.0 = Debug|Any CPU
		{921124AF-A423-4B4B-AB6C-D44A1DFE03C0}.Release|Any CPU.ActiveCfg = Release|Any CPU
		{921124AF-A423-4B4B-AB6C-D44A1DFE03C0}.Release|Any CPU.Build.0 = Release|Any CPU
	EndGlobalSection
	GlobalSection(SolutionProperties) = preSolution
		HideSolutionNode = FALSE
	EndGlobalSection
	GlobalSection(ExtensibilityGlobals) = postSolution
		SolutionGuid = {66DEB27D-A7A6-468E-A279-563051E0F0CC}
	EndGlobalSection
EndGlobal
